version = 1
revision = 3
requires-python = ">=3.13"

[[package]]
name = "chaosrag"
version = "0.1.0"
source = { virtual = "." }
dependencies = [
    { name = "pymupdf" },
    { name = "tqdm" },
]

[package.metadata]
requires-dist = [
    { name = "pymupdf", specifier = ">=1.23.0" },
    { name = "tqdm", specifier = ">=4.66.0" },
]

[[package]]
name = "colorama"
version = "0.4.6"
source = { registry = "https://pypi.org/simple" }
sdist = { url = "https://files.pythonhosted.org/packages/d8/53/6f443c9a4a8358a93a6792e2acffb9d9d5cb0a5cfd8802644b7b1c9a02e4/colorama-0.4.6.tar.gz", hash = "sha256:08695f5cb7ed6e0531a20572697297273c47b8cae5a63ffc6d6ed5c201be6e44", size = 27697, upload-time = "2022-10-25T02:36:22.414Z" }
wheels = [
    { url = "https://files.pythonhosted.org/packages/d1/d6/3965ed04c63042e047cb6a3e6ed1a63a35087b6a609aa3a15ed8ac56c221/colorama-0.4.6-py2.py3-none-any.whl", hash = "sha256:4f1d9991f5acc0ca119f9d443620b77f9d6b33703e51011c16baf57afb285fc6", size = 25335, upload-time = "2022-10-25T02:36:20.889Z" },
]

[[package]]
name = "pymupdf"
version = "1.26.7"
source = { registry = "https://pypi.org/simple" }
sdist = { url = "https://files.pythonhosted.org/packages/48/d6/09b28f027b510838559f7748807192149c419b30cb90e6d5f0cf916dc9dc/pymupdf-1.26.7.tar.gz", hash = "sha256:71add8bdc8eb1aaa207c69a13400693f06ad9b927bea976f5d5ab9df0bb489c3", size = 84327033, upload-time = "2025-12-11T21:48:50.694Z" }
wheels = [
    { url = "https://files.pythonhosted.org/packages/94/35/cd74cea1787b2247702ef8522186bdef32e9cb30a099e6bb864627ef6045/pymupdf-1.26.7-cp310-abi3-macosx_10_9_x86_64.whl", hash = "sha256:07085718dfdae5ab83b05eb5eb397f863bcc538fe05135318a01ea353e7a1353", size = 23179369, upload-time = "2025-12-11T21:47:21.587Z" },
    { url = "https://files.pythonhosted.org/packages/72/74/448b6172927c829c6a3fba80078d7b0a016ebbe2c9ee528821f5ea21677a/pymupdf-1.26.7-cp310-abi3-macosx_11_0_arm64.whl", hash = "sha256:31aa9c8377ea1eea02934b92f4dcf79fb2abba0bf41f8a46d64c3e31546a3c02", size = 22470101, upload-time = "2025-12-11T21:47:37.105Z" },
    { url = "https://files.pythonhosted.org/packages/65/e7/47af26f3ac76be7ac3dd4d6cc7ee105948a8355d774e5ca39857bf91c11c/pymupdf-1.26.7-cp310-abi3-manylinux_2_28_aarch64.whl", hash = "sha256:e419b609996434a14a80fa060adec72c434a1cca6a511ec54db9841bc5d51b3c", size = 23502486, upload-time = "2025-12-12T09:51:25.824Z" },
    { url = "https://files.pythonhosted.org/packages/2a/6b/3de1714d734ff949be1e90a22375d0598d3540b22ae73eb85c2d7d1f36a9/pymupdf-1.26.7-cp310-abi3-manylinux_2_28_x86_64.whl", hash = "sha256:69dfc78f206a96e5b3ac22741263ebab945fdf51f0dbe7c5757c3511b23d9d72", size = 24115727, upload-time = "2025-12-11T21:47:51.274Z" },
    { url = "https://files.pythonhosted.org/packages/62/9b/f86224847949577a523be2207315ae0fd3155b5d909cd66c274d095349a3/pymupdf-1.26.7-cp310-abi3-musllinux_1_2_x86_64.whl", hash = "sha256:1d5106f46e1ca0d64d46bd51892372a4f82076bdc14a9678d33d630702abca36", size = 24324386, upload-time = "2025-12-12T14:58:45.483Z" },
    { url = "https://files.pythonhosted.org/packages/85/8e/a117d39092ca645fde8b903f4a941d9aa75b370a67b4f1f435f56393dc5a/pymupdf-1.26.7-cp310-abi3-win32.whl", hash = "sha256:7c9645b6f5452629c747690190350213d3e5bbdb6b2eca227d82702b327f6eee", size = 17203888, upload-time = "2025-12-12T13:59:57.613Z" },
    { url = "https://files.pythonhosted.org/packages/dd/c3/d0047678146c294469c33bae167c8ace337deafb736b0bf97b9bc481aa65/pymupdf-1.26.7-cp310-abi3-win_amd64.whl", hash = "sha256:425b1befe40d41b72eb0fe211711c7ae334db5eb60307e9dd09066ed060cceba", size = 18405952, upload-time = "2025-12-11T21:48:02.947Z" },
]

[[package]]
name = "tqdm"
version = "4.67.1"
source = { registry = "https://pypi.org/simple" }
dependencies = [
    { name = "colorama", marker = "sys_platform == 'win32'" },
]
sdist = { url = "https://files.pythonhosted.org/packages/a8/4b/29b4ef32e036bb34e4ab51796dd745cdba7ed47ad142a9f4a1eb8e0c744d/tqdm-4.67.1.tar.gz", hash = "sha256:f8aef9c52c08c13a65f30ea34f4e5aac3fd1a34959879d7e59e63027286627f2", size = 169737, upload-time = "2024-11-24T20:12:22.481Z" }
wheels = [
    { url = "https://files.pythonhosted.org/packages/d0/30/dc54f88dd4a2b5dc8a0279bdd7270e735851848b762aeb1c1184ed1f6b14/tqdm-4.67.1-py3-none-any.whl", hash = "sha256:26445eca388f82e72884e0d580d5464cd801a3ea01e63e5601bdff9ba6a48de2", size = 78540, upload-time = "2024-11-24T20:12:19.698Z" },
]
